
Microsoft Visual Studio Solution File, Format Version 12.00
# Visual Studio Version 17
VisualStudioVersion = 17.8.34525.116
MinimumVisualStudioVersion = 10.0.40219.1
Project("{FAE04EC0-301F-11D3-BF4B-00C04F79EFBC}") = "GameComponentLab", "GameComponentLab.csproj", "{03AF20A6-FB99-4864-991A-D96AEB61254C}"
EndProject
Global
	GlobalSection(SolutionConfigurationPlatforms) = preSolution
		Debug|Any CPU = Debug|Any CPU
		Release|Any CPU = Release|Any CPU
	EndGlobalSection
	GlobalSection(ProjectConfigurationPlatforms) = postSolution
		{03AF20A6-FB99-4864-991A-D96AEB61254C}.Debug|Any CPU.ActiveCfg = Debug|Any CPU
		{03AF20A6-FB99-4864-991A-D96AEB61254C}.Debug|Any CPU.Build.0 = Debug|Any CPU
		{03AF20A6-FB99-4864-991A-D96AEB61254C}.Release|Any CPU.ActiveCfg = Release|Any CPU
		{03AF20A6-FB99-4864-991A-D96AEB61254C}.Release|Any CPU.Build.0 = Release|Any CPU
	EndGlobalSection
	GlobalSection(SolutionProperties) = preSolution
		HideSolutionNode = FALSE
	EndGlobalSection
	GlobalSection(ExtensibilityGlobals) = postSolution
		SolutionGuid = {66588A7B-1728-473D-B592-70AE4D31E287}
	EndGlobalSection
EndGlobal
